
Microsoft Visual Studio Solution File, Format Version 12.00
# Visual Studio 15
VisualStudioVersion = 15.0.26430.14
MinimumVisualStudioVersion = 10.0.40219.1
Project("{FAE04EC0-301F-11D3-BF4B-00C04F79EFBC}") = "SqlServerInstancesHelper", "SqlServerInstancesHelper\SqlServerInstancesHelper.csproj", "{618D84AC-0FF9-4372-947A-C71184FE1C6C}"
EndProject
Project("{FAE04EC0-301F-11D3-BF4B-00C04F79EFBC}") = "SqlServerInstancesHelper.Tests", "SqlServerInstancesHelper.Tests\SqlServerInstancesHelper.Tests.csproj", "{74B339FC-1BD7-499B-B5F3-03FECA2B3657}"
EndProject
Global
	GlobalSection(SolutionConfigurationPlatforms) = preSolution
		Debug|Any CPU = Debug|Any CPU
		Release|Any CPU = Release|Any CPU
	EndGlobalSection
	GlobalSection(ProjectConfigurationPlatforms) = postSolution
		{618D84AC-0FF9-4372-947A-C71184FE1C6C}.Debug|Any CPU.ActiveCfg = Debug|Any CPU
		{618D84AC-0FF9-4372-947A-C71184FE1C6C}.Debug|Any CPU.Build.0 = Debug|Any CPU
		{618D84AC-0FF9-4372-947A-C71184FE1C6C}.Release|Any CPU.ActiveCfg = Release|Any CPU
		{618D84AC-0FF9-4372-947A-C71184FE1C6C}.Release|Any CPU.Build.0 = Release|Any CPU
		{74B339FC-1BD7-499B-B5F3-03FECA2B3657}.Debug|Any CPU.ActiveCfg = Debug|Any CPU
		{74B339FC-1BD7-499B-B5F3-03FECA2B3657}.Debug|Any CPU.Build.0 = Debug|Any CPU
		{74B339FC-1BD7-499B-B5F3-03FECA2B3657}.Release|Any CPU.ActiveCfg = Release|Any CPU
		{74B339FC-1BD7-499B-B5F3-03FECA2B3657}.Release|Any CPU.Build.0 = Release|Any CPU
	EndGlobalSection
	GlobalSection(SolutionProperties) = preSolution
		HideSolutionNode = FALSE
	EndGlobalSection
EndGlobal
